
Microsoft Visual Studio Solution File, Format Version 12.00
# Visual Studio 14
VisualStudioVersion = 14.0.25123.0
MinimumVisualStudioVersion = 10.0.40219.1
Project("{FAE04EC0-301F-11D3-BF4B-00C04F79EFBC}") = "ExampleApp.Droid", "ExampleApp\ExampleApp.Droid\ExampleApp.Droid.csproj", "{01DC9BB2-2EF7-4F82-9E2E-4D299822A96E}"
EndProject
Project("{FAE04EC0-301F-11D3-BF4B-00C04F79EFBC}") = "ExampleApp.iOS", "ExampleApp\ExampleApp.iOS\ExampleApp.iOS.csproj", "{9E2F4859-290F-4F3E-AA47-291D7DB5612F}"
EndProject
Project("{FAE04EC0-301F-11D3-BF4B-00C04F79EFBC}") = "ExampleApp.UWP", "ExampleApp\ExampleApp.UWP\ExampleApp.UWP.csproj", "{AB2105C5-4217-41B2-A3D7-9BF3E9CB11D2}"
EndProject
Project("{FAE04EC0-301F-11D3-BF4B-00C04F79EFBC}") = "ExampleApp", "ExampleApp\ExampleApp\ExampleApp.csproj", "{F677343C-0A84-41C0-9F55-2C712C94A183}"
EndProject
Project("{FAE04EC0-301F-11D3-BF4B-00C04F79EFBC}") = "ExampleApp.Abstractions", "ExampleApp.Abstractions\ExampleApp.Abstractions.csproj", "{6CCD2759-BA8F-4B4D-845A-59EE4DF2764B}"
EndProject
Project("{2150E333-8FDC-42A3-9474-1A3956D46DE8}") = "Backend", "Backend", "{153C0B79-7A72-4918-B35E-02F4F8585F4D}"
EndProject
Project("{2150E333-8FDC-42A3-9474-1A3956D46DE8}") = "Shared", "Shared", "{2EE0E6AB-88CD-4442-82B5-87F68CA4B554}"
EndProject
Project("{2150E333-8FDC-42A3-9474-1A3956D46DE8}") = "Targets", "Targets", "{B9832B69-D130-40FF-91FA-2EE6EE5101CE}"
EndProject
Project("{FAE04EC0-301F-11D3-BF4B-00C04F79EFBC}") = "ExampleApp.Services", "ExampleApp.Services\ExampleApp.Services.csproj", "{47806DC6-F24E-4386-957B-73E77F7AE867}"
EndProject
Project("{FAE04EC0-301F-11D3-BF4B-00C04F79EFBC}") = "WFExample", "WFExample\WFExample.csproj", "{AFB088A5-B34B-4122-9731-B02F7CA00338}"
EndProject
Global
	GlobalSection(SolutionConfigurationPlatforms) = preSolution
		Ad-Hoc|Any CPU = Ad-Hoc|Any CPU
		Ad-Hoc|ARM = Ad-Hoc|ARM
		Ad-Hoc|iPhone = Ad-Hoc|iPhone
		Ad-Hoc|iPhoneSimulator = Ad-Hoc|iPhoneSimulator
		Ad-Hoc|x64 = Ad-Hoc|x64
		Ad-Hoc|x86 = Ad-Hoc|x86
		AppStore|Any CPU = AppStore|Any CPU
		AppStore|ARM = AppStore|ARM
		AppStore|iPhone = AppStore|iPhone
		AppStore|iPhoneSimulator = AppStore|iPhoneSimulator
		AppStore|x64 = AppStore|x64
		AppStore|x86 = AppStore|x86
		Debug|Any CPU = Debug|Any CPU
		Debug|ARM = Debug|ARM
		Debug|iPhone = Debug|iPhone
		Debug|iPhoneSimulator = Debug|iPhoneSimulator
		Debug|x64 = Debug|x64
		Debug|x86 = Debug|x86
		Release|Any CPU = Release|Any CPU
		Release|ARM = Release|ARM
		Release|iPhone = Release|iPhone
		Release|iPhoneSimulator = Release|iPhoneSimulator
		Release|x64 = Release|x64
		Release|x86 = Release|x86
	EndGlobalSection
	GlobalSection(ProjectConfigurationPlatforms) = postSolution
		{01DC9BB2-2EF7-4F82-9E2E-4D299822A96E}.Ad-Hoc|Any CPU.ActiveCfg = Release|Any CPU
		{01DC9BB2-2EF7-4F82-9E2E-4D299822A96E}.Ad-Hoc|Any CPU.Build.0 = Release|Any CPU
		{01DC9BB2-2EF7-4F82-9E2E-4D299822A96E}.Ad-Hoc|Any CPU.Deploy.0 = Release|Any CPU
		{01DC9BB2-2EF7-4F82-9E2E-4D299822A96E}.Ad-Hoc|ARM.ActiveCfg = Release|Any CPU
		{01DC9BB2-2EF7-4F82-9E2E-4D299822A96E}.Ad-Hoc|ARM.Build.0 = Release|Any CPU
		{01DC9BB2-2EF7-4F82-9E2E-4D299822A96E}.Ad-Hoc|ARM.Deploy.0 = Release|Any CPU
		{01DC9BB2-2EF7-4F82-9E2E-4D299822A96E}.Ad-Hoc|iPhone.ActiveCfg = Release|Any CPU
		{01DC9BB2-2EF7-4F82-9E2E-4D299822A96E}.Ad-Hoc|iPhone.Build.0 = Release|Any CPU
		{01DC9BB2-2EF7-4F82-9E2E-4D299822A96E}.Ad-Hoc|iPhone.Deploy.0 = Release|Any CPU
		{01DC9BB2-2EF7-4F82-9E2E-4D299822A96E}.Ad-Hoc|iPhoneSimulator.ActiveCfg = Release|Any CPU
		{01DC9BB2-2EF7-4F82-9E2E-4D299822A96E}.Ad-Hoc|iPhoneSimulator.Build.0 = Release|Any CPU
		{01DC9BB2-2EF7-4F82-9E2E-4D299822A96E}.Ad-Hoc|iPhoneSimulator.Deploy.0 = Release|Any CPU
		{01DC9BB2-2EF7-4F82-9E2E-4D299822A96E}.Ad-Hoc|x64.ActiveCfg = Release|Any CPU
		{01DC9BB2-2EF7-4F82-9E2E-4D299822A96E}.Ad-Hoc|x64.Build.0 = Release|Any CPU
		{01DC9BB2-2EF7-4F82-9E2E-4D299822A96E}.Ad-Hoc|x64.Deploy.0 = Release|Any CPU
		{01DC9BB2-2EF7-4F82-9E2E-4D299822A96E}.Ad-Hoc|x86.ActiveCfg = Release|Any CPU
		{01DC9BB2-2EF7-4F82-9E2E-4D299822A96E}.Ad-Hoc|x86.Build.0 = Release|Any CPU
		{01DC9BB2-2EF7-4F82-9E2E-4D299822A96E}.Ad-Hoc|x86.Deploy.0 = Release|Any CPU
		{01DC9BB2-2EF7-4F82-9E2E-4D299822A96E}.AppStore|Any CPU.ActiveCfg = Release|Any CPU
		{01DC9BB2-2EF7-4F82-9E2E-4D299822A96E}.AppStore|Any CPU.Build.0 = Release|Any CPU
		{01DC9BB2-2EF7-4F82-9E2E-4D299822A96E}.AppStore|Any CPU.Deploy.0 = Release|Any CPU
		{01DC9BB2-2EF7-4F82-9E2E-4D299822A96E}.AppStore|ARM.ActiveCfg = Release|Any CPU
		{01DC9BB2-2EF7-4F82-9E2E-4D299822A96E}.AppStore|ARM.Build.0 = Release|Any CPU
		{01DC9BB2-2EF7-4F82-9E2E-4D299822A96E}.AppStore|ARM.Deploy.0 = Release|Any CPU
		{01DC9BB2-2EF7-4F82-9E2E-4D299822A96E}.AppStore|iPhone.ActiveCfg = Release|Any CPU
		{01DC9BB2-2EF7-4F82-9E2E-4D299822A96E}.AppStore|iPhone.Build.0 = Release|Any CPU
		{01DC9BB2-2EF7-4F82-9E2E-4D299822A96E}.AppStore|iPhone.Deploy.0 = Release|Any CPU
		{01DC9BB2-2EF7-4F82-9E2E-4D299822A96E}.AppStore|iPhoneSimulator.ActiveCfg = Release|Any CPU
		{01DC9BB2-2EF7-4F82-9E2E-4D299822A96E}.AppStore|iPhoneSimulator.Build.0 = Release|Any CPU
		{01DC9BB2-2EF7-4F82-9E2E-4D299822A96E}.AppStore|iPhoneSimulator.Deploy.0 = Release|Any CPU
		{01DC9BB2-2EF7-4F82-9E2E-4D299822A96E}.AppStore|x64.ActiveCfg = Release|Any CPU
		{01DC9BB2-2EF7-4F82-9E2E-4D299822A96E}.AppStore|x64.Build.0 = Release|Any CPU
		{01DC9BB2-2EF7-4F82-9E2E-4D299822A96E}.AppStore|x64.Deploy.0 = Release|Any CPU
		{01DC9BB2-2EF7-4F82-9E2E-4D299822A96E}.AppStore|x86.ActiveCfg = Release|Any CPU
		{01DC9BB2-2EF7-4F82-9E2E-4D299822A96E}.AppStore|x86.Build.0 = Release|Any CPU
		{01DC9BB2-2EF7-4F82-9E2E-4D299822A96E}.AppStore|x86.Deploy.0 = Release|Any CPU
		{01DC9BB2-2EF7-4F82-9E2E-4D299822A96E}.Debug|Any CPU.ActiveCfg = Debug|Any CPU
		{01DC9BB2-2EF7-4F82-9E2E-4D299822A96E}.Debug|Any CPU.Build.0 = Debug|Any CPU
		{01DC9BB2-2EF7-4F82-9E2E-4D299822A96E}.Debug|Any CPU.Deploy.0 = Debug|Any CPU
		{01DC9BB2-2EF7-4F82-9E2E-4D299822A96E}.Debug|ARM.ActiveCfg = Debug|Any CPU
		{01DC9BB2-2EF7-4F82-9E2E-4D299822A96E}.Debug|ARM.Build.0 = Debug|Any CPU
		{01DC9BB2-2EF7-4F82-9E2E-4D299822A96E}.Debug|ARM.Deploy.0 = Debug|Any CPU
		{01DC9BB2-2EF7-4F82-9E2E-4D299822A96E}.Debug|iPhone.ActiveCfg = Debug|Any CPU
		{01DC9BB2-2EF7-4F82-9E2E-4D299822A96E}.Debug|iPhone.Build.0 = Debug|Any CPU
		{01DC9BB2-2EF7-4F82-9E2E-4D299822A96E}.Debug|iPhone.Deploy.0 = Debug|Any CPU
		{01DC9BB2-2EF7-4F82-9E2E-4D299822A96E}.Debug|iPhoneSimulator.ActiveCfg = Debug|Any CPU
		{01DC9BB2-2EF7-4F82-9E2E-4D299822A96E}.Debug|iPhoneSimulator.Build.0 = Debug|Any CPU
		{01DC9BB2-2EF7-4F82-9E2E-4D299822A96E}.Debug|iPhoneSimulator.Deploy.0 = Debug|Any CPU
		{01DC9BB2-2EF7-4F82-9E2E-4D299822A96E}.Debug|x64.ActiveCfg = Debug|Any CPU
		{01DC9BB2-2EF7-4F82-9E2E-4D299822A96E}.Debug|x64.Build.0 = Debug|Any CPU
		{01DC9BB2-2EF7-4F82-9E2E-4D299822A96E}.Debug|x64.Deploy.0 = Debug|Any CPU
		{01DC9BB2-2EF7-4F82-9E2E-4D299822A96E}.Debug|x86.ActiveCfg = Debug|Any CPU
		{01DC9BB2-2EF7-4F82-9E2E-4D299822A96E}.Debug|x86.Build.0 = Debug|Any CPU
		{01DC9BB2-2EF7-4F82-9E2E-4D299822A96E}.Debug|x86.Deploy.0 = Debug|Any CPU
		{01DC9BB2-2EF7-4F82-9E2E-4D299822A96E}.Release|Any CPU.ActiveCfg = Release|Any CPU
		{01DC9BB2-2EF7-4F82-9E2E-4D299822A96E}.Release|Any CPU.Build.0 = Release|Any CPU
		{01DC9BB2-2EF7-4F82-9E2E-4D299822A96E}.Release|Any CPU.Deploy.0 = Release|Any CPU
		{01DC9BB2-2EF7-4F82-9E2E-4D299822A96E}.Release|ARM.ActiveCfg = Release|Any CPU
		{01DC9BB2-2EF7-4F82-9E2E-4D299822A96E}.Release|ARM.Build.0 = Release|Any CPU
		{01DC9BB2-2EF7-4F82-9E2E-4D299822A96E}.Release|ARM.Deploy.0 = Release|Any CPU
		{01DC9BB2-2EF7-4F82-9E2E-4D299822A96E}.Release|iPhone.ActiveCfg = Release|Any CPU
		{01DC9BB2-2EF7-4F82-9E2E-4D299822A96E}.Release|iPhone.Build.0 = Release|Any CPU
		{01DC9BB2-2EF7-4F82-9E2E-4D299822A96E}.Release|iPhone.Deploy.0 = Release|Any CPU
		{01DC9BB2-2EF7-4F82-9E2E-4D299822A96E}.Release|iPhoneSimulator.ActiveCfg = Release|Any CPU
		{01DC9BB2-2EF7-4F82-9E2E-4D299822A96E}.Release|iPhoneSimulator.Build.0 = Release|Any CPU
		{01DC9BB2-2EF7-4F82-9E2E-4D299822A96E}.Release|iPhoneSimulator.Deploy.0 = Release|Any CPU
		{01DC9BB2-2EF7-4F82-9E2E-4D299822A96E}.Release|x64.ActiveCfg = Release|Any CPU
		{01DC9BB2-2EF7-4F82-9E2E-4D299822A96E}.Release|x64.Build.0 = Release|Any CPU
		{01DC9BB2-2EF7-4F82-9E2E-4D299822A96E}.Release|x64.Deploy.0 = Release|Any CPU
		{01DC9BB2-2EF7-4F82-9E2E-4D299822A96E}.Release|x86.ActiveCfg = Release|Any CPU
		{01DC9BB2-2EF7-4F82-9E2E-4D299822A96E}.Release|x86.Build.0 = Release|Any CPU
		{01DC9BB2-2EF7-4F82-9E2E-4D299822A96E}.Release|x86.Deploy.0 = Release|Any CPU
		{9E2F4859-290F-4F3E-AA47-291D7DB5612F}.Ad-Hoc|Any CPU.ActiveCfg = Ad-Hoc|iPhone
		{9E2F4859-290F-4F3E-AA47-291D7DB5612F}.Ad-Hoc|ARM.ActiveCfg = Ad-Hoc|iPhone
		{9E2F4859-290F-4F3E-AA47-291D7DB5612F}.Ad-Hoc|iPhone.ActiveCfg = Ad-Hoc|iPhone
		{9E2F4859-290F-4F3E-AA47-291D7DB5612F}.Ad-Hoc|iPhone.Build.0 = Ad-Hoc|iPhone
		{9E2F4859-290F-4F3E-AA47-291D7DB5612F}.Ad-Hoc|iPhoneSimulator.ActiveCfg = Ad-Hoc|iPhoneSimulator
		{9E2F4859-290F-4F3E-AA47-291D7DB5612F}.Ad-Hoc|iPhoneSimulator.Build.0 = Ad-Hoc|iPhoneSimulator
		{9E2F4859-290F-4F3E-AA47-291D7DB5612F}.Ad-Hoc|x64.ActiveCfg = Ad-Hoc|iPhone
		{9E2F4859-290F-4F3E-AA47-291D7DB5612F}.Ad-Hoc|x86.ActiveCfg = Ad-Hoc|iPhone
		{9E2F4859-290F-4F3E-AA47-291D7DB5612F}.AppStore|Any CPU.ActiveCfg = AppStore|iPhone
		{9E2F4859-290F-4F3E-AA47-291D7DB5612F}.AppStore|ARM.ActiveCfg = AppStore|iPhone
		{9E2F4859-290F-4F3E-AA47-291D7DB5612F}.AppStore|iPhone.ActiveCfg = AppStore|iPhone
		{9E2F4859-290F-4F3E-AA47-291D7DB5612F}.AppStore|iPhone.Build.0 = AppStore|iPhone
		{9E2F4859-290F-4F3E-AA47-291D7DB5612F}.AppStore|iPhoneSimulator.ActiveCfg = AppStore|iPhoneSimulator
		{9E2F4859-290F-4F3E-AA47-291D7DB5612F}.AppStore|iPhoneSimulator.Build.0 = AppStore|iPhoneSimulator
		{9E2F4859-290F-4F3E-AA47-291D7DB5612F}.AppStore|x64.ActiveCfg = AppStore|iPhone
		{9E2F4859-290F-4F3E-AA47-291D7DB5612F}.AppStore|x86.ActiveCfg = AppStore|iPhone
		{9E2F4859-290F-4F3E-AA47-291D7DB5612F}.Debug|Any CPU.ActiveCfg = Debug|iPhone
		{9E2F4859-290F-4F3E-AA47-291D7DB5612F}.Debug|ARM.ActiveCfg = Debug|iPhone
		{9E2F4859-290F-4F3E-AA47-291D7DB5612F}.Debug|iPhone.ActiveCfg = Debug|iPhone
		{9E2F4859-290F-4F3E-AA47-291D7DB5612F}.Debug|iPhone.Build.0 = Debug|iPhone
		{9E2F4859-290F-4F3E-AA47-291D7DB5612F}.Debug|iPhoneSimulator.ActiveCfg = Debug|iPhoneSimulator
		{9E2F4859-290F-4F3E-AA47-291D7DB5612F}.Debug|iPhoneSimulator.Build.0 = Debug|iPhoneSimulator
		{9E2F4859-290F-4F3E-AA47-291D7DB5612F}.Debug|x64.ActiveCfg = Debug|iPhone
		{9E2F4859-290F-4F3E-AA47-291D7DB5612F}.Debug|x86.ActiveCfg = Debug|iPhone
		{9E2F4859-290F-4F3E-AA47-291D7DB5612F}.Release|Any CPU.ActiveCfg = Release|iPhone
		{9E2F4859-290F-4F3E-AA47-291D7DB5612F}.Release|ARM.ActiveCfg = Release|iPhone
		{9E2F4859-290F-4F3E-AA47-291D7DB5612F}.Release|iPhone.ActiveCfg = Release|iPhone
		{9E2F4859-290F-4F3E-AA47-291D7DB5612F}.Release|iPhone.Build.0 = Release|iPhone
		{9E2F4859-290F-4F3E-AA47-291D7DB5612F}.Release|iPhoneSimulator.ActiveCfg = Release|iPhoneSimulator
		{9E2F4859-290F-4F3E-AA47-291D7DB5612F}.Release|iPhoneSimulator.Build.0 = Release|iPhoneSimulator
		{9E2F4859-290F-4F3E-AA47-291D7DB5612F}.Release|x64.ActiveCfg = Release|iPhone
		{9E2F4859-290F-4F3E-AA47-291D7DB5612F}.Release|x86.ActiveCfg = Release|iPhone
		{AB2105C5-4217-41B2-A3D7-9BF3E9CB11D2}.Ad-Hoc|Any CPU.ActiveCfg = Release|x86
		{AB2105C5-4217-41B2-A3D7-9BF3E9CB11D2}.Ad-Hoc|Any CPU.Build.0 = Release|x86
		{AB2105C5-4217-41B2-A3D7-9BF3E9CB11D2}.Ad-Hoc|Any CPU.Deploy.0 = Release|x86
		{AB2105C5-4217-41B2-A3D7-9BF3E9CB11D2}.Ad-Hoc|ARM.ActiveCfg = Release|ARM
		{AB2105C5-4217-41B2-A3D7-9BF3E9CB11D2}.Ad-Hoc|ARM.Build.0 = Release|ARM
		{AB2105C5-4217-41B2-A3D7-9BF3E9CB11D2}.Ad-Hoc|ARM.Deploy.0 = Release|ARM
		{AB2105C5-4217-41B2-A3D7-9BF3E9CB11D2}.Ad-Hoc|iPhone.ActiveCfg = Release|x86
		{AB2105C5-4217-41B2-A3D7-9BF3E9CB11D2}.Ad-Hoc|iPhone.Build.0 = Release|x86
		{AB2105C5-4217-41B2-A3D7-9BF3E9CB11D2}.Ad-Hoc|iPhone.Deploy.0 = Release|x86
		{AB2105C5-4217-41B2-A3D7-9BF3E9CB11D2}.Ad-Hoc|iPhoneSimulator.ActiveCfg = Release|x86
		{AB2105C5-4217-41B2-A3D7-9BF3E9CB11D2}.Ad-Hoc|iPhoneSimulator.Build.0 = Release|x86
		{AB2105C5-4217-41B2-A3D7-9BF3E9CB11D2}.Ad-Hoc|iPhoneSimulator.Deploy.0 = Release|x86
		{AB2105C5-4217-41B2-A3D7-9BF3E9CB11D2}.Ad-Hoc|x64.ActiveCfg = Release|x64
		{AB2105C5-4217-41B2-A3D7-9BF3E9CB11D2}.Ad-Hoc|x64.Build.0 = Release|x64
		{AB2105C5-4217-41B2-A3D7-9BF3E9CB11D2}.Ad-Hoc|x64.Deploy.0 = Release|x64
		{AB2105C5-4217-41B2-A3D7-9BF3E9CB11D2}.Ad-Hoc|x86.ActiveCfg = Release|x86
		{AB2105C5-4217-41B2-A3D7-9BF3E9CB11D2}.Ad-Hoc|x86.Build.0 = Release|x86
		{AB2105C5-4217-41B2-A3D7-9BF3E9CB11D2}.Ad-Hoc|x86.Deploy.0 = Release|x86
		{AB2105C5-4217-41B2-A3D7-9BF3E9CB11D2}.AppStore|Any CPU.ActiveCfg = Release|x86
		{AB2105C5-4217-41B2-A3D7-9BF3E9CB11D2}.AppStore|Any CPU.Build.0 = Release|x86
		{AB2105C5-4217-41B2-A3D7-9BF3E9CB11D2}.AppStore|Any CPU.Deploy.0 = Release|x86
		{AB2105C5-4217-41B2-A3D7-9BF3E9CB11D2}.AppStore|ARM.ActiveCfg = Release|ARM
		{AB2105C5-4217-41B2-A3D7-9BF3E9CB11D2}.AppStore|ARM.Build.0 = Release|ARM
		{AB2105C5-4217-41B2-A3D7-9BF3E9CB11D2}.AppStore|ARM.Deploy.0 = Release|ARM
		{AB2105C5-4217-41B2-A3D7-9BF3E9CB11D2}.AppStore|iPhone.ActiveCfg = Release|x86
		{AB2105C5-4217-41B2-A3D7-9BF3E9CB11D2}.AppStore|iPhone.Build.0 = Release|x86
		{AB2105C5-4217-41B2-A3D7-9BF3E9CB11D2}.AppStore|iPhone.Deploy.0 = Release|x86
		{AB2105C5-4217-41B2-A3D7-9BF3E9CB11D2}.AppStore|iPhoneSimulator.ActiveCfg = Release|x86
		{AB2105C5-4217-41B2-A3D7-9BF3E9CB11D2}.AppStore|iPhoneSimulator.Build.0 = Release|x86
		{AB2105C5-4217-41B2-A3D7-9BF3E9CB11D2}.AppStore|iPhoneSimulator.Deploy.0 = Release|x86
		{AB2105C5-4217-41B2-A3D7-9BF3E9CB11D2}.AppStore|x64.ActiveCfg = Release|x64
		{AB2105C5-4217-41B2-A3D7-9BF3E9CB11D2}.AppStore|x64.Build.0 = Release|x64
		{AB2105C5-4217-41B2-A3D7-9BF3E9CB11D2}.AppStore|x64.Deploy.0 = Release|x64
		{AB2105C5-4217-41B2-A3D7-9BF3E9CB11D2}.AppStore|x86.ActiveCfg = Release|x86
		{AB2105C5-4217-41B2-A3D7-9BF3E9CB11D2}.AppStore|x86.Build.0 = Release|x86
		{AB2105C5-4217-41B2-A3D7-9BF3E9CB11D2}.AppStore|x86.Deploy.0 = Release|x86
		{AB2105C5-4217-41B2-A3D7-9BF3E9CB11D2}.Debug|Any CPU.ActiveCfg = Debug|x86
		{AB2105C5-4217-41B2-A3D7-9BF3E9CB11D2}.Debug|ARM.ActiveCfg = Debug|ARM
		{AB2105C5-4217-41B2-A3D7-9BF3E9CB11D2}.Debug|ARM.Build.0 = Debug|ARM
		{AB2105C5-4217-41B2-A3D7-9BF3E9CB11D2}.Debug|ARM.Deploy.0 = Debug|ARM
		{AB2105C5-4217-41B2-A3D7-9BF3E9CB11D2}.Debug|iPhone.ActiveCfg = Debug|x86
		{AB2105C5-4217-41B2-A3D7-9BF3E9CB11D2}.Debug|iPhoneSimulator.ActiveCfg = Debug|x86
		{AB2105C5-4217-41B2-A3D7-9BF3E9CB11D2}.Debug|x64.ActiveCfg = Debug|x64
		{AB2105C5-4217-41B2-A3D7-9BF3E9CB11D2}.Debug|x64.Build.0 = Debug|x64
		{AB2105C5-4217-41B2-A3D7-9BF3E9CB11D2}.Debug|x64.Deploy.0 = Debug|x64
		{AB2105C5-4217-41B2-A3D7-9BF3E9CB11D2}.Debug|x86.ActiveCfg = Debug|x86
		{AB2105C5-4217-41B2-A3D7-9BF3E9CB11D2}.Debug|x86.Build.0 = Debug|x86
		{AB2105C5-4217-41B2-A3D7-9BF3E9CB11D2}.Debug|x86.Deploy.0 = Debug|x86
		{AB2105C5-4217-41B2-A3D7-9BF3E9CB11D2}.Release|Any CPU.ActiveCfg = Release|x86
		{AB2105C5-4217-41B2-A3D7-9BF3E9CB11D2}.Release|ARM.ActiveCfg = Release|ARM
		{AB2105C5-4217-41B2-A3D7-9BF3E9CB11D2}.Release|ARM.Build.0 = Release|ARM
		{AB2105C5-4217-41B2-A3D7-9BF3E9CB11D2}.Release|ARM.Deploy.0 = Release|ARM
		{AB2105C5-4217-41B2-A3D7-9BF3E9CB11D2}.Release|iPhone.ActiveCfg = Release|x86
		{AB2105C5-4217-41B2-A3D7-9BF3E9CB11D2}.Release|iPhoneSimulator.ActiveCfg = Release|x86
		{AB2105C5-4217-41B2-A3D7-9BF3E9CB11D2}.Release|x64.ActiveCfg = Release|x64
		{AB2105C5-4217-41B2-A3D7-9BF3E9CB11D2}.Release|x64.Build.0 = Release|x64
		{AB2105C5-4217-41B2-A3D7-9BF3E9CB11D2}.Release|x64.Deploy.0 = Release|x64
		{AB2105C5-4217-41B2-A3D7-9BF3E9CB11D2}.Release|x86.ActiveCfg = Release|x86
		{AB2105C5-4217-41B2-A3D7-9BF3E9CB11D2}.Release|x86.Build.0 = Release|x86
		{AB2105C5-4217-41B2-A3D7-9BF3E9CB11D2}.Release|x86.Deploy.0 = Release|x86
		{F677343C-0A84-41C0-9F55-2C712C94A183}.Ad-Hoc|Any CPU.ActiveCfg = Release|Any CPU
		{F677343C-0A84-41C0-9F55-2C712C94A183}.Ad-Hoc|Any CPU.Build.0 = Release|Any CPU
		{F677343C-0A84-41C0-9F55-2C712C94A183}.Ad-Hoc|ARM.ActiveCfg = Release|Any CPU
		{F677343C-0A84-41C0-9F55-2C712C94A183}.Ad-Hoc|ARM.Build.0 = Release|Any CPU
		{F677343C-0A84-41C0-9F55-2C712C94A183}.Ad-Hoc|iPhone.ActiveCfg = Release|Any CPU
		{F677343C-0A84-41C0-9F55-2C712C94A183}.Ad-Hoc|iPhone.Build.0 = Release|Any CPU
		{F677343C-0A84-41C0-9F55-2C712C94A183}.Ad-Hoc|iPhoneSimulator.ActiveCfg = Release|Any CPU
		{F677343C-0A84-41C0-9F55-2C712C94A183}.Ad-Hoc|iPhoneSimulator.Build.0 = Release|Any CPU
		{F677343C-0A84-41C0-9F55-2C712C94A183}.Ad-Hoc|x64.ActiveCfg = Release|Any CPU
		{F677343C-0A84-41C0-9F55-2C712C94A183}.Ad-Hoc|x64.Build.0 = Release|Any CPU
		{F677343C-0A84-41C0-9F55-2C712C94A183}.Ad-Hoc|x86.ActiveCfg = Release|Any CPU
		{F677343C-0A84-41C0-9F55-2C712C94A183}.Ad-Hoc|x86.Build.0 = Release|Any CPU
		{F677343C-0A84-41C0-9F55-2C712C94A183}.AppStore|Any CPU.ActiveCfg = Release|Any CPU
		{F677343C-0A84-41C0-9F55-2C712C94A183}.AppStore|Any CPU.Build.0 = Release|Any CPU
		{F677343C-0A84-41C0-9F55-2C712C94A183}.AppStore|ARM.ActiveCfg = Release|Any CPU
		{F677343C-0A84-41C0-9F55-2C712C94A183}.AppStore|ARM.Build.0 = Release|Any CPU
		{F677343C-0A84-41C0-9F55-2C712C94A183}.AppStore|iPhone.ActiveCfg = Release|Any CPU
		{F677343C-0A84-41C0-9F55-2C712C94A183}.AppStore|iPhone.Build.0 = Release|Any CPU
		{F677343C-0A84-41C0-9F55-2C712C94A183}.AppStore|iPhoneSimulator.ActiveCfg = Release|Any CPU
		{F677343C-0A84-41C0-9F55-2C712C94A183}.AppStore|iPhoneSimulator.Build.0 = Release|Any CPU
		{F677343C-0A84-41C0-9F55-2C712C94A183}.AppStore|x64.ActiveCfg = Release|Any CPU
		{F677343C-0A84-41C0-9F55-2C712C94A183}.AppStore|x64.Build.0 = Release|Any CPU
		{F677343C-0A84-41C0-9F55-2C712C94A183}.AppStore|x86.ActiveCfg = Release|Any CPU
		{F677343C-0A84-41C0-9F55-2C712C94A183}.AppStore|x86.Build.0 = Release|Any CPU
		{F677343C-0A84-41C0-9F55-2C712C94A183}.Debug|Any CPU.ActiveCfg = Debug|Any CPU
		{F677343C-0A84-41C0-9F55-2C712C94A183}.Debug|Any CPU.Build.0 = Debug|Any CPU
		{F677343C-0A84-41C0-9F55-2C712C94A183}.Debug|ARM.ActiveCfg = Debug|Any CPU
		{F677343C-0A84-41C0-9F55-2C712C94A183}.Debug|ARM.Build.0 = Debug|Any CPU
		{F677343C-0A84-41C0-9F55-2C712C94A183}.Debug|iPhone.ActiveCfg = Debug|Any CPU
		{F677343C-0A84-41C0-9F55-2C712C94A183}.Debug|iPhone.Build.0 = Debug|Any CPU
		{F677343C-0A84-41C0-9F55-2C712C94A183}.Debug|iPhoneSimulator.ActiveCfg = Debug|Any CPU
		{F677343C-0A84-41C0-9F55-2C712C94A183}.Debug|iPhoneSimulator.Build.0 = Debug|Any CPU
		{F677343C-0A84-41C0-9F55-2C712C94A183}.Debug|x64.ActiveCfg = Debug|Any CPU
		{F677343C-0A84-41C0-9F55-2C712C94A183}.Debug|x64.Build.0 = Debug|Any CPU
		{F677343C-0A84-41C0-9F55-2C712C94A183}.Debug|x86.ActiveCfg = Debug|Any CPU
		{F677343C-0A84-41C0-9F55-2C712C94A183}.Debug|x86.Build.0 = Debug|Any CPU
		{F677343C-0A84-41C0-9F55-2C712C94A183}.Release|Any CPU.ActiveCfg = Release|Any CPU
		{F677343C-0A84-41C0-9F55-2C712C94A183}.Release|Any CPU.Build.0 = Release|Any CPU
		{F677343C-0A84-41C0-9F55-2C712C94A183}.Release|ARM.ActiveCfg = Release|Any CPU
		{F677343C-0A84-41C0-9F55-2C712C94A183}.Release|ARM.Build.0 = Release|Any CPU
		{F677343C-0A84-41C0-9F55-2C712C94A183}.Release|iPhone.ActiveCfg = Release|Any CPU
		{F677343C-0A84-41C0-9F55-2C712C94A183}.Release|iPhone.Build.0 = Release|Any CPU
		{F677343C-0A84-41C0-9F55-2C712C94A183}.Release|iPhoneSimulator.ActiveCfg = Release|Any CPU
		{F677343C-0A84-41C0-9F55-2C712C94A183}.Release|iPhoneSimulator.Build.0 = Release|Any CPU
		{F677343C-0A84-41C0-9F55-2C712C94A183}.Release|x64.ActiveCfg = Release|Any CPU
		{F677343C-0A84-41C0-9F55-2C712C94A183}.Release|x64.Build.0 = Release|Any CPU
		{F677343C-0A84-41C0-9F55-2C712C94A183}.Release|x86.ActiveCfg = Release|Any CPU
		{F677343C-0A84-41C0-9F55-2C712C94A183}.Release|x86.Build.0 = Release|Any CPU
		{6CCD2759-BA8F-4B4D-845A-59EE4DF2764B}.Ad-Hoc|Any CPU.ActiveCfg = Release|Any CPU
		{6CCD2759-BA8F-4B4D-845A-59EE4DF2764B}.Ad-Hoc|Any CPU.Build.0 = Release|Any CPU
		{6CCD2759-BA8F-4B4D-845A-59EE4DF2764B}.Ad-Hoc|ARM.ActiveCfg = Release|Any CPU
		{6CCD2759-BA8F-4B4D-845A-59EE4DF2764B}.Ad-Hoc|ARM.Build.0 = Release|Any CPU
		{6CCD2759-BA8F-4B4D-845A-59EE4DF2764B}.Ad-Hoc|iPhone.ActiveCfg = Release|Any CPU
		{6CCD2759-BA8F-4B4D-845A-59EE4DF2764B}.Ad-Hoc|iPhone.Build.0 = Release|Any CPU
		{6CCD2759-BA8F-4B4D-845A-59EE4DF2764B}.Ad-Hoc|iPhoneSimulator.ActiveCfg = Release|Any CPU
		{6CCD2759-BA8F-4B4D-845A-59EE4DF2764B}.Ad-Hoc|iPhoneSimulator.Build.0 = Release|Any CPU
		{6CCD2759-BA8F-4B4D-845A-59EE4DF2764B}.Ad-Hoc|x64.ActiveCfg = Release|Any CPU
		{6CCD2759-BA8F-4B4D-845A-59EE4DF2764B}.Ad-Hoc|x64.Build.0 = Release|Any CPU
		{6CCD2759-BA8F-4B4D-845A-59EE4DF2764B}.Ad-Hoc|x86.ActiveCfg = Release|Any CPU
		{6CCD2759-BA8F-4B4D-845A-59EE4DF2764B}.Ad-Hoc|x86.Build.0 = Release|Any CPU
		{6CCD2759-BA8F-4B4D-845A-59EE4DF2764B}.AppStore|Any CPU.ActiveCfg = Release|Any CPU
		{6CCD2759-BA8F-4B4D-845A-59EE4DF2764B}.AppStore|Any CPU.Build.0 = Release|Any CPU
		{6CCD2759-BA8F-4B4D-845A-59EE4DF2764B}.AppStore|ARM.ActiveCfg = Release|Any CPU
		{6CCD2759-BA8F-4B4D-845A-59EE4DF2764B}.AppStore|ARM.Build.0 = Release|Any CPU
		{6CCD2759-BA8F-4B4D-845A-59EE4DF2764B}.AppStore|iPhone.ActiveCfg = Release|Any CPU
		{6CCD2759-BA8F-4B4D-845A-59EE4DF2764B}.AppStore|iPhone.Build.0 = Release|Any CPU
		{6CCD2759-BA8F-4B4D-845A-59EE4DF2764B}.AppStore|iPhoneSimulator.ActiveCfg = Release|Any CPU
		{6CCD2759-BA8F-4B4D-845A-59EE4DF2764B}.AppStore|iPhoneSimulator.Build.0 = Release|Any CPU
		{6CCD2759-BA8F-4B4D-845A-59EE4DF2764B}.AppStore|x64.ActiveCfg = Release|Any CPU
		{6CCD2759-BA8F-4B4D-845A-59EE4DF2764B}.AppStore|x64.Build.0 = Release|Any CPU
		{6CCD2759-BA8F-4B4D-845A-59EE4DF2764B}.AppStore|x86.ActiveCfg = Release|Any CPU
		{6CCD2759-BA8F-4B4D-845A-59EE4DF2764B}.AppStore|x86.Build.0 = Release|Any CPU
		{6CCD2759-BA8F-4B4D-845A-59EE4DF2764B}.Debug|Any CPU.ActiveCfg = Debug|Any CPU
		{6CCD2759-BA8F-4B4D-845A-59EE4DF2764B}.Debug|Any CPU.Build.0 = Debug|Any CPU
		{6CCD2759-BA8F-4B4D-845A-59EE4DF2764B}.Debug|ARM.ActiveCfg = Debug|Any CPU
		{6CCD2759-BA8F-4B4D-845A-59EE4DF2764B}.Debug|ARM.Build.0 = Debug|Any CPU
		{6CCD2759-BA8F-4B4D-845A-59EE4DF2764B}.Debug|iPhone.ActiveCfg = Debug|Any CPU
		{6CCD2759-BA8F-4B4D-845A-59EE4DF2764B}.Debug|iPhone.Build.0 = Debug|Any CPU
		{6CCD2759-BA8F-4B4D-845A-59EE4DF2764B}.Debug|iPhoneSimulator.ActiveCfg = Debug|Any CPU
		{6CCD2759-BA8F-4B4D-845A-59EE4DF2764B}.Debug|iPhoneSimulator.Build.0 = Debug|Any CPU
		{6CCD2759-BA8F-4B4D-845A-59EE4DF2764B}.Debug|x64.ActiveCfg = Debug|Any CPU
		{6CCD2759-BA8F-4B4D-845A-59EE4DF2764B}.Debug|x64.Build.0 = Debug|Any CPU
		{6CCD2759-BA8F-4B4D-845A-59EE4DF2764B}.Debug|x86.ActiveCfg = Debug|Any CPU
		{6CCD2759-BA8F-4B4D-845A-59EE4DF2764B}.Debug|x86.Build.0 = Debug|Any CPU
		{6CCD2759-BA8F-4B4D-845A-59EE4DF2764B}.Release|Any CPU.ActiveCfg = Release|Any CPU
		{6CCD2759-BA8F-4B4D-845A-59EE4DF2764B}.Release|Any CPU.Build.0 = Release|Any CPU
		{6CCD2759-BA8F-4B4D-845A-59EE4DF2764B}.Release|ARM.ActiveCfg = Release|Any CPU
		{6CCD2759-BA8F-4B4D-845A-59EE4DF2764B}.Release|ARM.Build.0 = Release|Any CPU
		{6CCD2759-BA8F-4B4D-845A-59EE4DF2764B}.Release|iPhone.ActiveCfg = Release|Any CPU
		{6CCD2759-BA8F-4B4D-845A-59EE4DF2764B}.Release|iPhone.Build.0 = Release|Any CPU
		{6CCD2759-BA8F-4B4D-845A-59EE4DF2764B}.Release|iPhoneSimulator.ActiveCfg = Release|Any CPU
		{6CCD2759-BA8F-4B4D-845A-59EE4DF2764B}.Release|iPhoneSimulator.Build.0 = Release|Any CPU
		{6CCD2759-BA8F-4B4D-845A-59EE4DF2764B}.Release|x64.ActiveCfg = Release|Any CPU
		{6CCD2759-BA8F-4B4D-845A-59EE4DF2764B}.Release|x64.Build.0 = Release|Any CPU
		{6CCD2759-BA8F-4B4D-845A-59EE4DF2764B}.Release|x86.ActiveCfg = Release|Any CPU
		{6CCD2759-BA8F-4B4D-845A-59EE4DF2764B}.Release|x86.Build.0 = Release|Any CPU
		{47806DC6-F24E-4386-957B-73E77F7AE867}.Ad-Hoc|Any CPU.ActiveCfg = Release|Any CPU
		{47806DC6-F24E-4386-957B-73E77F7AE867}.Ad-Hoc|Any CPU.Build.0 = Release|Any CPU
		{47806DC6-F24E-4386-957B-73E77F7AE867}.Ad-Hoc|ARM.ActiveCfg = Release|Any CPU
		{47806DC6-F24E-4386-957B-73E77F7AE867}.Ad-Hoc|ARM.Build.0 = Release|Any CPU
		{47806DC6-F24E-4386-957B-73E77F7AE867}.Ad-Hoc|iPhone.ActiveCfg = Release|Any CPU
		{47806DC6-F24E-4386-957B-73E77F7AE867}.Ad-Hoc|iPhone.Build.0 = Release|Any CPU
		{47806DC6-F24E-4386-957B-73E77F7AE867}.Ad-Hoc|iPhoneSimulator.ActiveCfg = Release|Any CPU
		{47806DC6-F24E-4386-957B-73E77F7AE867}.Ad-Hoc|iPhoneSimulator.Build.0 = Release|Any CPU
		{47806DC6-F24E-4386-957B-73E77F7AE867}.Ad-Hoc|x64.ActiveCfg = Release|Any CPU
		{47806DC6-F24E-4386-957B-73E77F7AE867}.Ad-Hoc|x64.Build.0 = Release|Any CPU
		{47806DC6-F24E-4386-957B-73E77F7AE867}.Ad-Hoc|x86.ActiveCfg = Release|Any CPU
		{47806DC6-F24E-4386-957B-73E77F7AE867}.Ad-Hoc|x86.Build.0 = Release|Any CPU
		{47806DC6-F24E-4386-957B-73E77F7AE867}.AppStore|Any CPU.ActiveCfg = Release|Any CPU
		{47806DC6-F24E-4386-957B-73E77F7AE867}.AppStore|Any CPU.Build.0 = Release|Any CPU
		{47806DC6-F24E-4386-957B-73E77F7AE867}.AppStore|ARM.ActiveCfg = Release|Any CPU
		{47806DC6-F24E-4386-957B-73E77F7AE867}.AppStore|ARM.Build.0 = Release|Any CPU
		{47806DC6-F24E-4386-957B-73E77F7AE867}.AppStore|iPhone.ActiveCfg = Release|Any CPU
		{47806DC6-F24E-4386-957B-73E77F7AE867}.AppStore|iPhone.Build.0 = Release|Any CPU
		{47806DC6-F24E-4386-957B-73E77F7AE867}.AppStore|iPhoneSimulator.ActiveCfg = Release|Any CPU
		{47806DC6-F24E-4386-957B-73E77F7AE867}.AppStore|iPhoneSimulator.Build.0 = Release|Any CPU
		{47806DC6-F24E-4386-957B-73E77F7AE867}.AppStore|x64.ActiveCfg = Release|Any CPU
		{47806DC6-F24E-4386-957B-73E77F7AE867}.AppStore|x64.Build.0 = Release|Any CPU
		{47806DC6-F24E-4386-957B-73E77F7AE867}.AppStore|x86.ActiveCfg = Release|Any CPU
		{47806DC6-F24E-4386-957B-73E77F7AE867}.AppStore|x86.Build.0 = Release|Any CPU
		{47806DC6-F24E-4386-957B-73E77F7AE867}.Debug|Any CPU.ActiveCfg = Debug|Any CPU
		{47806DC6-F24E-4386-957B-73E77F7AE867}.Debug|Any CPU.Build.0 = Debug|Any CPU
		{47806DC6-F24E-4386-957B-73E77F7AE867}.Debug|ARM.ActiveCfg = Debug|Any CPU
		{47806DC6-F24E-4386-957B-73E77F7AE867}.Debug|ARM.Build.0 = Debug|Any CPU
		{47806DC6-F24E-4386-957B-73E77F7AE867}.Debug|iPhone.ActiveCfg = Debug|Any CPU
		{47806DC6-F24E-4386-957B-73E77F7AE867}.Debug|iPhone.Build.0 = Debug|Any CPU
		{47806DC6-F24E-4386-957B-73E77F7AE867}.Debug|iPhoneSimulator.ActiveCfg = Debug|Any CPU
		{47806DC6-F24E-4386-957B-73E77F7AE867}.Debug|iPhoneSimulator.Build.0 = Debug|Any CPU
		{47806DC6-F24E-4386-957B-73E77F7AE867}.Debug|x64.ActiveCfg = Debug|Any CPU
		{47806DC6-F24E-4386-957B-73E77F7AE867}.Debug|x64.Build.0 = Debug|Any CPU
		{47806DC6-F24E-4386-957B-73E77F7AE867}.Debug|x86.ActiveCfg = Debug|Any CPU
		{47806DC6-F24E-4386-957B-73E77F7AE867}.Debug|x86.Build.0 = Debug|Any CPU
		{47806DC6-F24E-4386-957B-73E77F7AE867}.Release|Any CPU.ActiveCfg = Release|Any CPU
		{47806DC6-F24E-4386-957B-73E77F7AE867}.Release|Any CPU.Build.0 = Release|Any CPU
		{47806DC6-F24E-4386-957B-73E77F7AE867}.Release|ARM.ActiveCfg = Release|Any CPU
		{47806DC6-F24E-4386-957B-73E77F7AE867}.Release|ARM.Build.0 = Release|Any CPU
		{47806DC6-F24E-4386-957B-73E77F7AE867}.Release|iPhone.ActiveCfg = Release|Any CPU
		{47806DC6-F24E-4386-957B-73E77F7AE867}.Release|iPhone.Build.0 = Release|Any CPU
		{47806DC6-F24E-4386-957B-73E77F7AE867}.Release|iPhoneSimulator.ActiveCfg = Release|Any CPU
		{47806DC6-F24E-4386-957B-73E77F7AE867}.Release|iPhoneSimulator.Build.0 = Release|Any CPU
		{47806DC6-F24E-4386-957B-73E77F7AE867}.Release|x64.ActiveCfg = Release|Any CPU
		{47806DC6-F24E-4386-957B-73E77F7AE867}.Release|x64.Build.0 = Release|Any CPU
		{47806DC6-F24E-4386-957B-73E77F7AE867}.Release|x86.ActiveCfg = Release|Any CPU
		{47806DC6-F24E-4386-957B-73E77F7AE867}.Release|x86.Build.0 = Release|Any CPU
		{AFB088A5-B34B-4122-9731-B02F7CA00338}.Ad-Hoc|Any CPU.ActiveCfg = Release|Any CPU
		{AFB088A5-B34B-4122-9731-B02F7CA00338}.Ad-Hoc|Any CPU.Build.0 = Release|Any CPU
		{AFB088A5-B34B-4122-9731-B02F7CA00338}.Ad-Hoc|ARM.ActiveCfg = Release|Any CPU
		{AFB088A5-B34B-4122-9731-B02F7CA00338}.Ad-Hoc|ARM.Build.0 = Release|Any CPU
		{AFB088A5-B34B-4122-9731-B02F7CA00338}.Ad-Hoc|iPhone.ActiveCfg = Release|Any CPU
		{AFB088A5-B34B-4122-9731-B02F7CA00338}.Ad-Hoc|iPhone.Build.0 = Release|Any CPU
		{AFB088A5-B34B-4122-9731-B02F7CA00338}.Ad-Hoc|iPhoneSimulator.ActiveCfg = Release|Any CPU
		{AFB088A5-B34B-4122-9731-B02F7CA00338}.Ad-Hoc|iPhoneSimulator.Build.0 = Release|Any CPU
		{AFB088A5-B34B-4122-9731-B02F7CA00338}.Ad-Hoc|x64.ActiveCfg = Release|Any CPU
		{AFB088A5-B34B-4122-9731-B02F7CA00338}.Ad-Hoc|x64.Build.0 = Release|Any CPU
		{AFB088A5-B34B-4122-9731-B02F7CA00338}.Ad-Hoc|x86.ActiveCfg = Release|Any CPU
		{AFB088A5-B34B-4122-9731-B02F7CA00338}.Ad-Hoc|x86.Build.0 = Release|Any CPU
		{AFB088A5-B34B-4122-9731-B02F7CA00338}.AppStore|Any CPU.ActiveCfg = Release|Any CPU
		{AFB088A5-B34B-4122-9731-B02F7CA00338}.AppStore|Any CPU.Build.0 = Release|Any CPU
		{AFB088A5-B34B-4122-9731-B02F7CA00338}.AppStore|ARM.ActiveCfg = Release|Any CPU
		{AFB088A5-B34B-4122-9731-B02F7CA00338}.AppStore|ARM.Build.0 = Release|Any CPU
		{AFB088A5-B34B-4122-9731-B02F7CA00338}.AppStore|iPhone.ActiveCfg = Release|Any CPU
		{AFB088A5-B34B-4122-9731-B02F7CA00338}.AppStore|iPhone.Build.0 = Release|Any CPU
		{AFB088A5-B34B-4122-9731-B02F7CA00338}.AppStore|iPhoneSimulator.ActiveCfg = Release|Any CPU
		{AFB088A5-B34B-4122-9731-B02F7CA00338}.AppStore|iPhoneSimulator.Build.0 = Release|Any CPU
		{AFB088A5-B34B-4122-9731-B02F7CA00338}.AppStore|x64.ActiveCfg = Release|Any CPU
		{AFB088A5-B34B-4122-9731-B02F7CA00338}.AppStore|x64.Build.0 = Release|Any CPU
		{AFB088A5-B34B-4122-9731-B02F7CA00338}.AppStore|x86.ActiveCfg = Release|Any CPU
		{AFB088A5-B34B-4122-9731-B02F7CA00338}.AppStore|x86.Build.0 = Release|Any CPU
		{AFB088A5-B34B-4122-9731-B02F7CA00338}.Debug|Any CPU.ActiveCfg = Debug|Any CPU
		{AFB088A5-B34B-4122-9731-B02F7CA00338}.Debug|Any CPU.Build.0 = Debug|Any CPU
		{AFB088A5-B34B-4122-9731-B02F7CA00338}.Debug|ARM.ActiveCfg = Debug|Any CPU
		{AFB088A5-B34B-4122-9731-B02F7CA00338}.Debug|ARM.Build.0 = Debug|Any CPU
		{AFB088A5-B34B-4122-9731-B02F7CA00338}.Debug|iPhone.ActiveCfg = Debug|Any CPU
		{AFB088A5-B34B-4122-9731-B02F7CA00338}.Debug|iPhone.Build.0 = Debug|Any CPU
		{AFB088A5-B34B-4122-9731-B02F7CA00338}.Debug|iPhoneSimulator.ActiveCfg = Debug|Any CPU
		{AFB088A5-B34B-4122-9731-B02F7CA00338}.Debug|iPhoneSimulator.Build.0 = Debug|Any CPU
		{AFB088A5-B34B-4122-9731-B02F7CA00338}.Debug|x64.ActiveCfg = Debug|Any CPU
		{AFB088A5-B34B-4122-9731-B02F7CA00338}.Debug|x64.Build.0 = Debug|Any CPU
		{AFB088A5-B34B-4122-9731-B02F7CA00338}.Debug|x86.ActiveCfg = Debug|Any CPU
		{AFB088A5-B34B-4122-9731-B02F7CA00338}.Debug|x86.Build.0 = Debug|Any CPU
		{AFB088A5-B34B-4122-9731-B02F7CA00338}.Release|Any CPU.ActiveCfg = Release|Any CPU
		{AFB088A5-B34B-4122-9731-B02F7CA00338}.Release|Any CPU.Build.0 = Release|Any CPU
		{AFB088A5-B34B-4122-9731-B02F7CA00338}.Release|ARM.ActiveCfg = Release|Any CPU
		{AFB088A5-B34B-4122-9731-B02F7CA00338}.Release|ARM.Build.0 = Release|Any CPU
		{AFB088A5-B34B-4122-9731-B02F7CA00338}.Release|iPhone.ActiveCfg = Release|Any CPU
		{AFB088A5-B34B-4122-9731-B02F7CA00338}.Release|iPhone.Build.0 = Release|Any CPU
		{AFB088A5-B34B-4122-9731-B02F7CA00338}.Release|iPhoneSimulator.ActiveCfg = Release|Any CPU
		{AFB088A5-B34B-4122-9731-B02F7CA00338}.Release|iPhoneSimulator.Build.0 = Release|Any CPU
		{AFB088A5-B34B-4122-9731-B02F7CA00338}.Release|x64.ActiveCfg = Release|Any CPU
		{AFB088A5-B34B-4122-9731-B02F7CA00338}.Release|x64.Build.0 = Release|Any CPU
		{AFB088A5-B34B-4122-9731-B02F7CA00338}.Release|x86.ActiveCfg = Release|Any CPU
		{AFB088A5-B34B-4122-9731-B02F7CA00338}.Release|x86.Build.0 = Release|Any CPU
	EndGlobalSection
	GlobalSection(SolutionProperties) = preSolution
		HideSolutionNode = FALSE
	EndGlobalSection
	GlobalSection(NestedProjects) = preSolution
		{01DC9BB2-2EF7-4F82-9E2E-4D299822A96E} = {B9832B69-D130-40FF-91FA-2EE6EE5101CE}
		{9E2F4859-290F-4F3E-AA47-291D7DB5612F} = {B9832B69-D130-40FF-91FA-2EE6EE5101CE}
		{AB2105C5-4217-41B2-A3D7-9BF3E9CB11D2} = {B9832B69-D130-40FF-91FA-2EE6EE5101CE}
		{F677343C-0A84-41C0-9F55-2C712C94A183} = {2EE0E6AB-88CD-4442-82B5-87F68CA4B554}
		{6CCD2759-BA8F-4B4D-845A-59EE4DF2764B} = {153C0B79-7A72-4918-B35E-02F4F8585F4D}
		{47806DC6-F24E-4386-957B-73E77F7AE867} = {153C0B79-7A72-4918-B35E-02F4F8585F4D}
		{AFB088A5-B34B-4122-9731-B02F7CA00338} = {B9832B69-D130-40FF-91FA-2EE6EE5101CE}
	EndGlobalSection
EndGlobal
